# This file was autogenerated by Stack.
# You should not edit this file by hand.
# For more information, please see the documentation at:
#   https://docs.haskellstack.org/en/stable/lock_files

packages:
- completed:
    hackage: GLUtil-0.10.4@sha256:48f76f9c9666e45062c2fc4146162ca69dc773c742e61e06d752ca05ca1754ba,3217
    pantry-tree:
      size: 1618
      sha256: 370a3e73ae8f35fd5c2913320b5d3a5f7170ae649177d207a6b7ed91534c1281
  original:
    hackage: GLUtil-0.10.4@sha256:48f76f9c9666e45062c2fc4146162ca69dc773c742e61e06d752ca05ca1754ba,3217
- completed:
    hackage: vinyl-gl-0.3.4@sha256:44376b1a6b29db06bd06c96ffc9c026e432d90f0d88809c987a48cba4d36ce39,1748
    pantry-tree:
      size: 535
      sha256: ad4817580424c2772b99d2aaf6b03fe5f7ec6e937e462b298131c9b98e4d6827
  original:
    hackage: vinyl-gl-0.3.4@sha256:44376b1a6b29db06bd06c96ffc9c026e432d90f0d88809c987a48cba4d36ce39,1748
- completed:
    hackage: hpp-0.6.3@sha256:d367b4803467c9a7817b4a4640f0d3d4b73269fd6d0dbf5dcda69e5a0938b2e2,1982
    pantry-tree:
      size: 1357
      sha256: 175630baf8c11ad0257c796b57c31fd4ffa540df470e66c0552184869a2cec80
  original:
    hackage: hpp-0.6.3@sha256:d367b4803467c9a7817b4a4640f0d3d4b73269fd6d0dbf5dcda69e5a0938b2e2,1982
snapshots:
- completed:
    size: 563100
    url: https://raw.githubusercontent.com/commercialhaskell/stackage-snapshots/master/lts/17/0.yaml
    sha256: e93a85871577ea3423d5f3454b2b6bd37c2c2123c79faf511dfb64f5b49a9f8b
  original:
    url: https://raw.githubusercontent.com/commercialhaskell/stackage-snapshots/master/lts/17/0.yaml
